
Microsoft Visual Studio Solution File, Format Version 12.00
# Visual Studio Version 17
VisualStudioVersion = 17.14.36705.20 d17.14
MinimumVisualStudioVersion = 10.0.40219.1
Project("{FAE04EC0-301F-11D3-BF4B-00C04F79EFBC}") = "DeviceManager", "DeviceManager\DeviceManager.csproj", "{649B5FE6-FF7F-42C7-B52D-50D04588826F}"
EndProject
Global
	GlobalSection(SolutionConfigurationPlatforms) = preSolution
		Debug|Any CPU = Debug|Any CPU
		Release|Any CPU = Release|Any CPU
	EndGlobalSection
	GlobalSection(ProjectConfigurationPlatforms) = postSolution
		{649B5FE6-FF7F-42C7-B52D-50D04588826F}.Debug|Any CPU.ActiveCfg = Debug|Any CPU
		{649B5FE6-FF7F-42C7-B52D-50D04588826F}.Debug|Any CPU.Build.0 = Debug|Any CPU
		{649B5FE6-FF7F-42C7-B52D-50D04588826F}.Release|Any CPU.ActiveCfg = Release|Any CPU
		{649B5FE6-FF7F-42C7-B52D-50D04588826F}.Release|Any CPU.Build.0 = Release|Any CPU
	EndGlobalSection
	GlobalSection(SolutionProperties) = preSolution
		HideSolutionNode = FALSE
	EndGlobalSection
	GlobalSection(ExtensibilityGlobals) = postSolution
		SolutionGuid = {58A6EE2E-E92C-4A2F-8B19-7DE644F9A87C}
	EndGlobalSection
EndGlobal
